{
  "version": 4,
  "terraform_version": "1.8.2",
  "serial": 22,
  "lineage": "b71adc4c-60b1-f6b4-b9ff-dee53623215c",
  "outputs": {},
  "resources": [
    {
      "mode": "managed",
      "type": "azurerm_linux_virtual_machine",
      "name": "test-vm",
      "provider": "provider[\"registry.terraform.io/hashicorp/azurerm\"]",
      "instances": [
        {
          "schema_version": 0,
          "attributes": {
            "additional_capabilities": [],
            "admin_password": "P@ssw0rd1234!",
            "admin_ssh_key": [
              {
                "public_key": "ssh-rsa AAAAB3NzaC1yc2EAAAADAQABAAABgQCmEugN8mE0A4fEb6yNF/XiQ4vDWGqkAFnHoikzPFy4OZmbikoVH8oAbNykk/9ld7BUhfKo/M0sSONZzp+u90RN+l+INUCpQWu96jCZ0DQ2RY86ULxk8UOmJ+gQfDjGBUPcMYUWh5FCnbpYSqUnrsGKBB0jkZnGERnPyE7VZpf5lR+X9c72TYDU5HP1i/IOjG441AO6qCp1cC0WVUreLNiqkRl7kpWGF1goroyT3fLDpYilK+/yMoA5mGysN5qvnwnTnnn8NMjQQlGUMg2HZlMixp9jc73DFX8HancCOAyxScphIxbTfnrNRTMQJm9VOFeC0gJQNAd3omZy3fNsp7RSyOebVUvGgMIU4sI1D1JZwPtnJl8LbHh3/jjXQPblxlVoHEQ/9yl9aFX0gBom3cbqAblUQdJ5UJgM1DMef7kEfBP/Wc2xhq/JwkWGIORGFjlqDoyNp0gGBCsIgldQImyXqjRXbk5WbTgnZOMdSiJMKCLd6aXivgPHiyH+ycT5EPM= domolitom@localhost\n",
                "username": "adminuser"
              }
            ],
            "admin_username": "adminuser",
            "allow_extension_operations": true,
            "availability_set_id": "",
            "boot_diagnostics": [],
            "bypass_platform_safety_checks_on_user_schedule_enabled": false,
            "capacity_reservation_group_id": "",
            "computer_name": "learning-tf-vm",
            "custom_data": "IyEvYmluL2Jhc2gKc3VkbyBhcHQtZ2V0IHVwZGF0ZSAteSAmJgpzdWRvIGFwdC1nZXQgaW5zdGFsbCAteSBcCmFwdC10cmFuc3BvcnQtaHR0cHMgXApjYS1jZXJ0aWZpY2F0ZXMgXApjdXJsIFwKZ251cGctYWdlbnQgXApzb2Z0d2FyZS1wcm9wZXJ0aWVzLWNvbW1vbiAmJgpjdXJsIC1mc1NMIGh0dHBzOi8vZG93bmxvYWQuZG9ja2VyLmNvbS9saW51eC91YnVudHUvZ3BnIHwgc3VkbyBhcHQta2V5IGFkZCAtICYmCnN1ZG8gYWRkLWFwdC1yZXBvc2l0b3J5ICJkZWIgW2FyY2g9YW1kNjRdIGh0dHBzOi8vZG93bmxvYWQuZG9ja2VyLmNvbS9saW51eC91YnVudHUgJChsc2JfcmVsZWFzZSAtY3MpIHN0YWJsZSIgJiYKc3VkbyBhcHQtZ2V0IHVwZGF0ZSAteSAmJgpzdWRvIGFwdC1nZXQgaW5zdGFsbCAteSBkb2NrZXItY2UgZG9ja2VyLWNlLWNsaSBjb250YWluZXJkLmlvIC15ICYmCnN1ZG8gdXNlcm1vZCAtYUcgZG9ja2VyIGFkbWludXNlcg==",
            "dedicated_host_group_id": "",
            "dedicated_host_id": "",
            "disable_password_authentication": true,
            "disk_controller_type": "",
            "edge_zone": "",
            "encryption_at_host_enabled": false,
            "eviction_policy": "",
            "extensions_time_budget": "PT1H30M",
            "gallery_application": [],
            "id": "/subscriptions/b61f91c6-2c2a-490c-b9a4-ec7e79885d9b/resourceGroups/learning-tf-rg/providers/Microsoft.Compute/virtualMachines/learning-tf-vm",
            "identity": [],
            "license_type": "",
            "location": "westeurope",
            "max_bid_price": -1,
            "name": "learning-tf-vm",
            "network_interface_ids": [
              "/subscriptions/b61f91c6-2c2a-490c-b9a4-ec7e79885d9b/resourceGroups/learning-tf-rg/providers/Microsoft.Network/networkInterfaces/learning-tf-nic"
            ],
            "os_disk": [
              {
                "caching": "ReadWrite",
                "diff_disk_settings": [],
                "disk_encryption_set_id": "",
                "disk_size_gb": 30,
                "name": "learning-tf-vm_OsDisk_1_4fc133e55556405fafcdb983ace92b65",
                "secure_vm_disk_encryption_set_id": "",
                "security_encryption_type": "",
                "storage_account_type": "Standard_LRS",
                "write_accelerator_enabled": false
              }
            ],
            "os_image_notification": [],
            "patch_assessment_mode": "ImageDefault",
            "patch_mode": "ImageDefault",
            "plan": [],
            "platform_fault_domain": -1,
            "priority": "Regular",
            "private_ip_address": "10.123.1.4",
            "private_ip_addresses": [
              "10.123.1.4"
            ],
            "provision_vm_agent": true,
            "proximity_placement_group_id": "",
            "public_ip_address": "52.174.143.25",
            "public_ip_addresses": [
              "52.174.143.25"
            ],
            "reboot_setting": "",
            "resource_group_name": "learning-tf-rg",
            "secret": [],
            "secure_boot_enabled": false,
            "size": "Standard_B1s",
            "source_image_id": "",
            "source_image_reference": [
              {
                "offer": "0001-com-ubuntu-server-jammy",
                "publisher": "Canonical",
                "sku": "22_04-lts",
                "version": "latest"
              }
            ],
            "tags": {
              "environment": "dev"
            },
            "termination_notification": null,
            "timeouts": null,
            "user_data": "",
            "virtual_machine_id": "5b37f910-36e2-4dd4-865e-1b786cb8199b",
            "virtual_machine_scale_set_id": "",
            "vm_agent_platform_updates_enabled": false,
            "vtpm_enabled": false,
            "zone": ""
          },
          "sensitive_attributes": [
            [
              {
                "type": "get_attr",
                "value": "admin_password"
              }
            ],
            [
              {
                "type": "get_attr",
                "value": "custom_data"
              }
            ]
          ],
          "private": "eyJlMmJmYjczMC1lY2FhLTExZTYtOGY4OC0zNDM2M2JjN2M0YzAiOnsiY3JlYXRlIjoyNzAwMDAwMDAwMDAwLCJkZWxldGUiOjI3MDAwMDAwMDAwMDAsInJlYWQiOjMwMDAwMDAwMDAwMCwidXBkYXRlIjoyNzAwMDAwMDAwMDAwfX0=",
          "dependencies": [
            "azurerm_network_interface.test-nic",
            "azurerm_public_ip.test-ip",
            "azurerm_resource_group.test-rg",
            "azurerm_subnet.test-subnet",
            "azurerm_virtual_network.test-vnet"
          ]
        }
      ]
    },
    {
      "mode": "managed",
      "type": "azurerm_network_interface",
      "name": "test-nic",
      "provider": "provider[\"registry.terraform.io/hashicorp/azurerm\"]",
      "instances": [
        {
          "schema_version": 0,
          "attributes": {
            "accelerated_networking_enabled": false,
            "applied_dns_servers": [],
            "auxiliary_mode": "",
            "auxiliary_sku": "",
            "dns_servers": [],
            "edge_zone": "",
            "enable_accelerated_networking": false,
            "enable_ip_forwarding": false,
            "id": "/subscriptions/b61f91c6-2c2a-490c-b9a4-ec7e79885d9b/resourceGroups/learning-tf-rg/providers/Microsoft.Network/networkInterfaces/learning-tf-nic",
            "internal_dns_name_label": "",
            "internal_domain_name_suffix": "u4lnnzmpiuaepbhws2igjfywba.ax.internal.cloudapp.net",
            "ip_configuration": [
              {
                "gateway_load_balancer_frontend_ip_configuration_id": "",
                "name": "internal",
                "primary": true,
                "private_ip_address": "10.123.1.4",
                "private_ip_address_allocation": "Dynamic",
                "private_ip_address_version": "IPv4",
                "public_ip_address_id": "/subscriptions/b61f91c6-2c2a-490c-b9a4-ec7e79885d9b/resourceGroups/learning-tf-rg/providers/Microsoft.Network/publicIPAddresses/learning-tf-ip",
                "subnet_id": "/subscriptions/b61f91c6-2c2a-490c-b9a4-ec7e79885d9b/resourceGroups/learning-tf-rg/providers/Microsoft.Network/virtualNetworks/learning-tf-vnet/subnets/learning-tf-subnet-1"
              }
            ],
            "ip_forwarding_enabled": false,
            "location": "westeurope",
            "mac_address": "7C-ED-8D-0C-8A-90",
            "name": "learning-tf-nic",
            "private_ip_address": "10.123.1.4",
            "private_ip_addresses": [
              "10.123.1.4"
            ],
            "resource_group_name": "learning-tf-rg",
            "tags": {
              "environment": "dev"
            },
            "timeouts": null,
            "virtual_machine_id": "/subscriptions/b61f91c6-2c2a-490c-b9a4-ec7e79885d9b/resourceGroups/learning-tf-rg/providers/Microsoft.Compute/virtualMachines/learning-tf-vm"
          },
          "sensitive_attributes": [],
          "private": "eyJlMmJmYjczMC1lY2FhLTExZTYtOGY4OC0zNDM2M2JjN2M0YzAiOnsiY3JlYXRlIjoxODAwMDAwMDAwMDAwLCJkZWxldGUiOjE4MDAwMDAwMDAwMDAsInJlYWQiOjMwMDAwMDAwMDAwMCwidXBkYXRlIjoxODAwMDAwMDAwMDAwfX0=",
          "dependencies": [
            "azurerm_public_ip.test-ip",
            "azurerm_resource_group.test-rg",
            "azurerm_subnet.test-subnet",
            "azurerm_virtual_network.test-vnet"
          ]
        }
      ]
    },
    {
      "mode": "managed",
      "type": "azurerm_network_security_group",
      "name": "test-sg",
      "provider": "provider[\"registry.terraform.io/hashicorp/azurerm\"]",
      "instances": [
        {
          "schema_version": 0,
          "attributes": {
            "id": "/subscriptions/b61f91c6-2c2a-490c-b9a4-ec7e79885d9b/resourceGroups/learning-tf-rg/providers/Microsoft.Network/networkSecurityGroups/learning-tf-sg",
            "location": "westeurope",
            "name": "learning-tf-sg",
            "resource_group_name": "learning-tf-rg",
            "security_rule": [
              {
                "access": "Allow",
                "description": "",
                "destination_address_prefix": "*",
                "destination_address_prefixes": [],
                "destination_application_security_group_ids": [],
                "destination_port_range": "*",
                "destination_port_ranges": [],
                "direction": "Inbound",
                "name": "test-dev-rule",
                "priority": 100,
                "protocol": "*",
                "source_address_prefix": "*",
                "source_address_prefixes": [],
                "source_application_security_group_ids": [],
                "source_port_range": "*",
                "source_port_ranges": []
              }
            ],
            "tags": {
              "environment": "dev"
            },
            "timeouts": null
          },
          "sensitive_attributes": [],
          "private": "eyJlMmJmYjczMC1lY2FhLTExZTYtOGY4OC0zNDM2M2JjN2M0YzAiOnsiY3JlYXRlIjoxODAwMDAwMDAwMDAwLCJkZWxldGUiOjE4MDAwMDAwMDAwMDAsInJlYWQiOjMwMDAwMDAwMDAwMCwidXBkYXRlIjoxODAwMDAwMDAwMDAwfX0=",
          "dependencies": [
            "azurerm_resource_group.test-rg"
          ]
        }
      ]
    },
    {
      "mode": "managed",
      "type": "azurerm_network_security_rule",
      "name": "test-dev-rule",
      "provider": "provider[\"registry.terraform.io/hashicorp/azurerm\"]",
      "instances": [
        {
          "schema_version": 0,
          "attributes": {
            "access": "Allow",
            "description": "",
            "destination_address_prefix": "*",
            "destination_address_prefixes": [],
            "destination_application_security_group_ids": [],
            "destination_port_range": "*",
            "destination_port_ranges": [],
            "direction": "Inbound",
            "id": "/subscriptions/b61f91c6-2c2a-490c-b9a4-ec7e79885d9b/resourceGroups/learning-tf-rg/providers/Microsoft.Network/networkSecurityGroups/learning-tf-sg/securityRules/test-dev-rule",
            "name": "test-dev-rule",
            "network_security_group_name": "learning-tf-sg",
            "priority": 100,
            "protocol": "*",
            "resource_group_name": "learning-tf-rg",
            "source_address_prefix": "*",
            "source_address_prefixes": [],
            "source_application_security_group_ids": [],
            "source_port_range": "*",
            "source_port_ranges": [],
            "timeouts": null
          },
          "sensitive_attributes": [],
          "private": "eyJlMmJmYjczMC1lY2FhLTExZTYtOGY4OC0zNDM2M2JjN2M0YzAiOnsiY3JlYXRlIjoxODAwMDAwMDAwMDAwLCJkZWxldGUiOjE4MDAwMDAwMDAwMDAsInJlYWQiOjMwMDAwMDAwMDAwMCwidXBkYXRlIjoxODAwMDAwMDAwMDAwfX0=",
          "dependencies": [
            "azurerm_network_security_group.test-sg",
            "azurerm_resource_group.test-rg"
          ]
        }
      ]
    },
    {
      "mode": "managed",
      "type": "azurerm_public_ip",
      "name": "test-ip",
      "provider": "provider[\"registry.terraform.io/hashicorp/azurerm\"]",
      "instances": [
        {
          "schema_version": 0,
          "attributes": {
            "allocation_method": "Dynamic",
            "ddos_protection_mode": "VirtualNetworkInherited",
            "ddos_protection_plan_id": null,
            "domain_name_label": null,
            "edge_zone": "",
            "fqdn": null,
            "id": "/subscriptions/b61f91c6-2c2a-490c-b9a4-ec7e79885d9b/resourceGroups/learning-tf-rg/providers/Microsoft.Network/publicIPAddresses/learning-tf-ip",
            "idle_timeout_in_minutes": 4,
            "ip_address": "52.232.21.34",
            "ip_tags": {},
            "ip_version": "IPv4",
            "location": "westeurope",
            "name": "learning-tf-ip",
            "public_ip_prefix_id": null,
            "resource_group_name": "learning-tf-rg",
            "reverse_fqdn": null,
            "sku": "Basic",
            "sku_tier": "Regional",
            "tags": {
              "environment": "dev"
            },
            "timeouts": null,
            "zones": []
          },
          "sensitive_attributes": [],
          "private": "eyJlMmJmYjczMC1lY2FhLTExZTYtOGY4OC0zNDM2M2JjN2M0YzAiOnsiY3JlYXRlIjoxODAwMDAwMDAwMDAwLCJkZWxldGUiOjE4MDAwMDAwMDAwMDAsInJlYWQiOjMwMDAwMDAwMDAwMCwidXBkYXRlIjoxODAwMDAwMDAwMDAwfX0=",
          "dependencies": [
            "azurerm_resource_group.test-rg"
          ]
        }
      ]
    },
    {
      "mode": "managed",
      "type": "azurerm_resource_group",
      "name": "test-rg",
      "provider": "provider[\"registry.terraform.io/hashicorp/azurerm\"]",
      "instances": [
        {
          "schema_version": 0,
          "attributes": {
            "id": "/subscriptions/b61f91c6-2c2a-490c-b9a4-ec7e79885d9b/resourceGroups/learning-tf-rg",
            "location": "westeurope",
            "managed_by": "",
            "name": "learning-tf-rg",
            "tags": {
              "environment": "dev"
            },
            "timeouts": null
          },
          "sensitive_attributes": [],
          "private": "eyJlMmJmYjczMC1lY2FhLTExZTYtOGY4OC0zNDM2M2JjN2M0YzAiOnsiY3JlYXRlIjo1NDAwMDAwMDAwMDAwLCJkZWxldGUiOjU0MDAwMDAwMDAwMDAsInJlYWQiOjMwMDAwMDAwMDAwMCwidXBkYXRlIjo1NDAwMDAwMDAwMDAwfX0="
        }
      ]
    },
    {
      "mode": "managed",
      "type": "azurerm_subnet",
      "name": "test-subnet",
      "provider": "provider[\"registry.terraform.io/hashicorp/azurerm\"]",
      "instances": [
        {
          "schema_version": 0,
          "attributes": {
            "address_prefixes": [
              "10.123.1.0/24"
            ],
            "default_outbound_access_enabled": true,
            "delegation": [],
            "enforce_private_link_endpoint_network_policies": false,
            "enforce_private_link_service_network_policies": false,
            "id": "/subscriptions/b61f91c6-2c2a-490c-b9a4-ec7e79885d9b/resourceGroups/learning-tf-rg/providers/Microsoft.Network/virtualNetworks/learning-tf-vnet/subnets/learning-tf-subnet-1",
            "name": "learning-tf-subnet-1",
            "private_endpoint_network_policies": "Enabled",
            "private_endpoint_network_policies_enabled": true,
            "private_link_service_network_policies_enabled": true,
            "resource_group_name": "learning-tf-rg",
            "service_endpoint_policy_ids": [],
            "service_endpoints": [],
            "timeouts": null,
            "virtual_network_name": "learning-tf-vnet"
          },
          "sensitive_attributes": [],
          "private": "eyJlMmJmYjczMC1lY2FhLTExZTYtOGY4OC0zNDM2M2JjN2M0YzAiOnsiY3JlYXRlIjoxODAwMDAwMDAwMDAwLCJkZWxldGUiOjE4MDAwMDAwMDAwMDAsInJlYWQiOjMwMDAwMDAwMDAwMCwidXBkYXRlIjoxODAwMDAwMDAwMDAwfX0=",
          "dependencies": [
            "azurerm_resource_group.test-rg",
            "azurerm_virtual_network.test-vnet"
          ]
        }
      ]
    },
    {
      "mode": "managed",
      "type": "azurerm_subnet_network_security_group_association",
      "name": "test-subnet-sga",
      "provider": "provider[\"registry.terraform.io/hashicorp/azurerm\"]",
      "instances": [
        {
          "schema_version": 0,
          "attributes": {
            "id": "/subscriptions/b61f91c6-2c2a-490c-b9a4-ec7e79885d9b/resourceGroups/learning-tf-rg/providers/Microsoft.Network/virtualNetworks/learning-tf-vnet/subnets/learning-tf-subnet-1",
            "network_security_group_id": "/subscriptions/b61f91c6-2c2a-490c-b9a4-ec7e79885d9b/resourceGroups/learning-tf-rg/providers/Microsoft.Network/networkSecurityGroups/learning-tf-sg",
            "subnet_id": "/subscriptions/b61f91c6-2c2a-490c-b9a4-ec7e79885d9b/resourceGroups/learning-tf-rg/providers/Microsoft.Network/virtualNetworks/learning-tf-vnet/subnets/learning-tf-subnet-1",
            "timeouts": null
          },
          "sensitive_attributes": [],
          "private": "eyJlMmJmYjczMC1lY2FhLTExZTYtOGY4OC0zNDM2M2JjN2M0YzAiOnsiY3JlYXRlIjoxODAwMDAwMDAwMDAwLCJkZWxldGUiOjE4MDAwMDAwMDAwMDAsInJlYWQiOjMwMDAwMDAwMDAwMH19",
          "dependencies": [
            "azurerm_network_security_group.test-sg",
            "azurerm_resource_group.test-rg",
            "azurerm_subnet.test-subnet",
            "azurerm_virtual_network.test-vnet"
          ]
        }
      ]
    },
    {
      "mode": "managed",
      "type": "azurerm_virtual_network",
      "name": "test-vnet",
      "provider": "provider[\"registry.terraform.io/hashicorp/azurerm\"]",
      "instances": [
        {
          "schema_version": 0,
          "attributes": {
            "address_space": [
              "10.123.0.0/16"
            ],
            "bgp_community": "",
            "ddos_protection_plan": [],
            "dns_servers": [],
            "edge_zone": "",
            "encryption": [],
            "flow_timeout_in_minutes": 0,
            "guid": "e5d696a7-458f-4700-84f6-971064971608",
            "id": "/subscriptions/b61f91c6-2c2a-490c-b9a4-ec7e79885d9b/resourceGroups/learning-tf-rg/providers/Microsoft.Network/virtualNetworks/learning-tf-vnet",
            "location": "westeurope",
            "name": "learning-tf-vnet",
            "resource_group_name": "learning-tf-rg",
            "subnet": [
              {
                "address_prefix": "10.123.1.0/24",
                "id": "/subscriptions/b61f91c6-2c2a-490c-b9a4-ec7e79885d9b/resourceGroups/learning-tf-rg/providers/Microsoft.Network/virtualNetworks/learning-tf-vnet/subnets/learning-tf-subnet-1",
                "name": "learning-tf-subnet-1",
                "security_group": "/subscriptions/b61f91c6-2c2a-490c-b9a4-ec7e79885d9b/resourceGroups/learning-tf-rg/providers/Microsoft.Network/networkSecurityGroups/learning-tf-sg"
              }
            ],
            "tags": {
              "environment": "dev"
            },
            "timeouts": null
          },
          "sensitive_attributes": [],
          "private": "eyJlMmJmYjczMC1lY2FhLTExZTYtOGY4OC0zNDM2M2JjN2M0YzAiOnsiY3JlYXRlIjoxODAwMDAwMDAwMDAwLCJkZWxldGUiOjE4MDAwMDAwMDAwMDAsInJlYWQiOjMwMDAwMDAwMDAwMCwidXBkYXRlIjoxODAwMDAwMDAwMDAwfX0=",
          "dependencies": [
            "azurerm_resource_group.test-rg"
          ]
        }
      ]
    }
  ],
  "check_results": null
}
